PODS:
  - InnovationEngineService (2.0.0)

DEPENDENCIES:
  - InnovationEngineService (~> 2.0.0)

SPEC REPOS:
  trunk:
    - InnovationEngineService

SPEC CHECKSUMS:
  InnovationEngineService: 36f1ff8ebc40b5064bee02d6b9629d4cdf4931cc

PODFILE CHECKSUM: ee24f0605c647c80b3d921a0a44639e427f6eca7

COCOAPODS: 1.12.0
