PODS:
  - InnovationEngineService (1.2.0)

DEPENDENCIES:
  - InnovationEngineService (~> 1.2.0)

SPEC REPOS:
  trunk:
    - InnovationEngineService

SPEC CHECKSUMS:
  InnovationEngineService: 5f9e5399a811089be5fe457c32a847dc0f06c1eb

PODFILE CHECKSUM: 7139f4d83bd96f51c7c01881b48d4652b298cbc1

COCOAPODS: 1.11.3
